
Microsoft Visual Studio Solution File, Format Version 12.00
# Visual Studio Version 17
VisualStudioVersion = 17.7.33808.371
MinimumVisualStudioVersion = 10.0.40219.1
Project("{2150E333-8FDC-42A3-9474-1A3956D46DE8}") = "webhost", "webhost", "{02571907-DABC-4AED-84A9-7DB76430346A}"
EndProject
Project("{9A19103F-16F7-4668-BE54-9A1E7A4F7556}") = "BigMission.Application", "webhost\BigMission.Application\BigMission.Application.csproj", "{CA799DE5-13C1-48C0-A8BC-7C787AA2B827}"
EndProject
Project("{9A19103F-16F7-4668-BE54-9A1E7A4F7556}") = "BigMission.Application.Shared", "webhost\BigMission.Application.Shared\BigMission.Application.Shared.csproj", "{2AD39E56-F551-4B60-89BE-5AECDD2A564F}"
EndProject
Project("{9A19103F-16F7-4668-BE54-9A1E7A4F7556}") = "BigMission.Cache", "webhost\BigMission.Cache\BigMission.Cache.csproj", "{946F4BB0-C713-4632-90AE-C631832F5773}"
EndProject
Project("{9A19103F-16F7-4668-BE54-9A1E7A4F7556}") = "BigMission.Core", "webhost\BigMission.Core\BigMission.Core.csproj", "{F3834CC7-74C9-4F0D-9BB8-A5253CCFA6EF}"
EndProject
Project("{9A19103F-16F7-4668-BE54-9A1E7A4F7556}") = "BigMission.Core.Shared", "webhost\BigMission.Core.Shared\BigMission.Core.Shared.csproj", "{158CACCE-B2D9-4F68-9F25-F79DF3859645}"
EndProject
Project("{9A19103F-16F7-4668-BE54-9A1E7A4F7556}") = "BigMission.EntityFrameworkCore", "webhost\BigMission.EntityFrameworkCore\BigMission.EntityFrameworkCore.csproj", "{2C5572F8-ED2C-42F1-8507-779E2F3216D7}"
EndProject
Project("{9A19103F-16F7-4668-BE54-9A1E7A4F7556}") = "BigMission.Web.Core", "webhost\BigMission.Web.Core\BigMission.Web.Core.csproj", "{967E168A-40DB-4D1A-A921-39B3792EA7AE}"
EndProject
Project("{9A19103F-16F7-4668-BE54-9A1E7A4F7556}") = "BigMission.Web.Host", "webhost\BigMission.Web.Host\BigMission.Web.Host.csproj", "{2F542A5B-A9BC-49CD-BA6F-4CF27D5B27F8}"
EndProject
Project("{9A19103F-16F7-4668-BE54-9A1E7A4F7556}") = "BigMission.AlarmProcessor", "BigMission.AlarmProcessor\BigMission.AlarmProcessor.csproj", "{2EE076B7-D4FA-4F46-A307-FDA468C1F1F4}"
EndProject
Project("{9A19103F-16F7-4668-BE54-9A1E7A4F7556}") = "BigMission.CarTelemetryProcessor", "BigMission.CarTelemetryProcessor\BigMission.CarTelemetryProcessor.csproj", "{CA118BDA-E507-4213-B32B-E6702EEA36AC}"
EndProject
Project("{9A19103F-16F7-4668-BE54-9A1E7A4F7556}") = "BigMission.Database", "BigMission.Database\BigMission.Database.csproj", "{4F574480-FAED-408B-9449-0E7C8ADF6D3B}"
EndProject
Project("{9A19103F-16F7-4668-BE54-9A1E7A4F7556}") = "BigMission.DeviceAppServiceStatusProcessor", "BigMission.DeviceAppServiceStatusProcessor\BigMission.DeviceAppServiceStatusProcessor.csproj", "{E3ED6351-FF82-4F5E-8FEA-B20A2BACA11A}"
EndProject
Project("{9A19103F-16F7-4668-BE54-9A1E7A4F7556}") = "BigMission.FuelStatistics", "BigMission.FuelStatistics\BigMission.FuelStatistics.csproj", "{52371023-D70A-43D0-BB70-BFBB3BD4652E}"
EndProject
Project("{9A19103F-16F7-4668-BE54-9A1E7A4F7556}") = "BigMission.FuelStatistics.Tests", "BigMission.FuelStatistics.Tests\BigMission.FuelStatistics.Tests.csproj", "{D19B9B86-799D-43A9-A8C6-DBA5C61E0E48}"
EndProject
Project("{9A19103F-16F7-4668-BE54-9A1E7A4F7556}") = "BigMission.KeypadServices", "BigMission.KeypadServices\BigMission.KeypadServices.csproj", "{5E2005DE-BBA3-467E-8B5E-F679F0116D6F}"
EndProject
Project("{9A19103F-16F7-4668-BE54-9A1E7A4F7556}") = "BigMission.RaceControlLog", "BigMission.RaceControlLog\BigMission.RaceControlLog.csproj", "{2730674D-3B0B-4E56-8F23-0CBB425BC997}"
EndProject
Project("{9A19103F-16F7-4668-BE54-9A1E7A4F7556}") = "BigMission.RaceHeroAggregator", "BigMission.RaceHeroAggregator\BigMission.RaceHeroAggregator.csproj", "{4E7AB87D-BD5F-4954-9B72-47F97B585386}"
EndProject
Project("{9A19103F-16F7-4668-BE54-9A1E7A4F7556}") = "BigMission.RaceHeroTestHelpers", "BigMission.RaceHeroTestHelpers\BigMission.RaceHeroTestHelpers.csproj", "{02AA1719-FDEC-4217-8CA8-8776D0DF90E5}"
EndProject
Project("{9A19103F-16F7-4668-BE54-9A1E7A4F7556}") = "BigMission.ServiceHub", "BigMission.ServiceHub\BigMission.ServiceHub.csproj", "{E63171E4-C4A6-48A6-920C-780FE1F7D52A}"
EndProject
Project("{9A19103F-16F7-4668-BE54-9A1E7A4F7556}") = "BigMission.ServiceStatusTools", "BigMission.ServiceStatusTools\BigMission.ServiceStatusTools.csproj", "{50058BE2-41FB-4EC9-9A98-015721A12EA3}"
EndProject
Project("{9A19103F-16F7-4668-BE54-9A1E7A4F7556}") = "BigMission.VirtualChannelAggregator", "BigMission.VirtualChannelAggregator\BigMission.VirtualChannelAggregator.csproj", "{831F7987-B113-444D-B293-19DF511FB61B}"
EndProject
Project("{2150E333-8FDC-42A3-9474-1A3956D46DE8}") = "Solution Items", "Solution Items", "{5E5A3C06-8323-4838-A564-76FA27A94671}"
	ProjectSection(SolutionItems) = preProject
		.dockerignore = .dockerignore
		.gitignore = .gitignore
		docker-compose.override.yml = docker-compose.override.yml
		docker-compose.yml = docker-compose.yml
		launchSettings.json = launchSettings.json
		nuget.config = nuget.config
		README.md = README.md
	EndProjectSection
EndProject
Global
	GlobalSection(SolutionConfigurationPlatforms) = preSolution
		Debug|Any CPU = Debug|Any CPU
		Release|Any CPU = Release|Any CPU
	EndGlobalSection
	GlobalSection(ProjectConfigurationPlatforms) = postSolution
		{CA799DE5-13C1-48C0-A8BC-7C787AA2B827}.Debug|Any CPU.ActiveCfg = Debug|Any CPU
		{CA799DE5-13C1-48C0-A8BC-7C787AA2B827}.Debug|Any CPU.Build.0 = Debug|Any CPU
		{CA799DE5-13C1-48C0-A8BC-7C787AA2B827}.Release|Any CPU.ActiveCfg = Release|Any CPU
		{CA799DE5-13C1-48C0-A8BC-7C787AA2B827}.Release|Any CPU.Build.0 = Release|Any CPU
		{2AD39E56-F551-4B60-89BE-5AECDD2A564F}.Debug|Any CPU.ActiveCfg = Debug|Any CPU
		{2AD39E56-F551-4B60-89BE-5AECDD2A564F}.Debug|Any CPU.Build.0 = Debug|Any CPU
		{2AD39E56-F551-4B60-89BE-5AECDD2A564F}.Release|Any CPU.ActiveCfg = Release|Any CPU
		{2AD39E56-F551-4B60-89BE-5AECDD2A564F}.Release|Any CPU.Build.0 = Release|Any CPU
		{946F4BB0-C713-4632-90AE-C631832F5773}.Debug|Any CPU.ActiveCfg = Debug|Any CPU
		{946F4BB0-C713-4632-90AE-C631832F5773}.Debug|Any CPU.Build.0 = Debug|Any CPU
		{946F4BB0-C713-4632-90AE-C631832F5773}.Release|Any CPU.ActiveCfg = Release|Any CPU
		{946F4BB0-C713-4632-90AE-C631832F5773}.Release|Any CPU.Build.0 = Release|Any CPU
		{F3834CC7-74C9-4F0D-9BB8-A5253CCFA6EF}.Debug|Any CPU.ActiveCfg = Debug|Any CPU
		{F3834CC7-74C9-4F0D-9BB8-A5253CCFA6EF}.Debug|Any CPU.Build.0 = Debug|Any CPU
		{F3834CC7-74C9-4F0D-9BB8-A5253CCFA6EF}.Release|Any CPU.ActiveCfg = Release|Any CPU
		{F3834CC7-74C9-4F0D-9BB8-A5253CCFA6EF}.Release|Any CPU.Build.0 = Release|Any CPU
		{158CACCE-B2D9-4F68-9F25-F79DF3859645}.Debug|Any CPU.ActiveCfg = Debug|Any CPU
		{158CACCE-B2D9-4F68-9F25-F79DF3859645}.Debug|Any CPU.Build.0 = Debug|Any CPU
		{158CACCE-B2D9-4F68-9F25-F79DF3859645}.Release|Any CPU.ActiveCfg = Release|Any CPU
		{158CACCE-B2D9-4F68-9F25-F79DF3859645}.Release|Any CPU.Build.0 = Release|Any CPU
		{2C5572F8-ED2C-42F1-8507-779E2F3216D7}.Debug|Any CPU.ActiveCfg = Debug|Any CPU
		{2C5572F8-ED2C-42F1-8507-779E2F3216D7}.Debug|Any CPU.Build.0 = Debug|Any CPU
		{2C5572F8-ED2C-42F1-8507-779E2F3216D7}.Release|Any CPU.ActiveCfg = Release|Any CPU
		{2C5572F8-ED2C-42F1-8507-779E2F3216D7}.Release|Any CPU.Build.0 = Release|Any CPU
		{967E168A-40DB-4D1A-A921-39B3792EA7AE}.Debug|Any CPU.ActiveCfg = Debug|Any CPU
		{967E168A-40DB-4D1A-A921-39B3792EA7AE}.Debug|Any CPU.Build.0 = Debug|Any CPU
		{967E168A-40DB-4D1A-A921-39B3792EA7AE}.Release|Any CPU.ActiveCfg = Release|Any CPU
		{967E168A-40DB-4D1A-A921-39B3792EA7AE}.Release|Any CPU.Build.0 = Release|Any CPU
		{2F542A5B-A9BC-49CD-BA6F-4CF27D5B27F8}.Debug|Any CPU.ActiveCfg = Debug|Any CPU
		{2F542A5B-A9BC-49CD-BA6F-4CF27D5B27F8}.Debug|Any CPU.Build.0 = Debug|Any CPU
		{2F542A5B-A9BC-49CD-BA6F-4CF27D5B27F8}.Release|Any CPU.ActiveCfg = Release|Any CPU
		{2F542A5B-A9BC-49CD-BA6F-4CF27D5B27F8}.Release|Any CPU.Build.0 = Release|Any CPU
		{2EE076B7-D4FA-4F46-A307-FDA468C1F1F4}.Debug|Any CPU.ActiveCfg = Debug|Any CPU
		{2EE076B7-D4FA-4F46-A307-FDA468C1F1F4}.Debug|Any CPU.Build.0 = Debug|Any CPU
		{2EE076B7-D4FA-4F46-A307-FDA468C1F1F4}.Release|Any CPU.ActiveCfg = Release|Any CPU
		{2EE076B7-D4FA-4F46-A307-FDA468C1F1F4}.Release|Any CPU.Build.0 = Release|Any CPU
		{CA118BDA-E507-4213-B32B-E6702EEA36AC}.Debug|Any CPU.ActiveCfg = Debug|Any CPU
		{CA118BDA-E507-4213-B32B-E6702EEA36AC}.Debug|Any CPU.Build.0 = Debug|Any CPU
		{CA118BDA-E507-4213-B32B-E6702EEA36AC}.Release|Any CPU.ActiveCfg = Release|Any CPU
		{CA118BDA-E507-4213-B32B-E6702EEA36AC}.Release|Any CPU.Build.0 = Release|Any CPU
		{4F574480-FAED-408B-9449-0E7C8ADF6D3B}.Debug|Any CPU.ActiveCfg = Debug|Any CPU
		{4F574480-FAED-408B-9449-0E7C8ADF6D3B}.Debug|Any CPU.Build.0 = Debug|Any CPU
		{4F574480-FAED-408B-9449-0E7C8ADF6D3B}.Release|Any CPU.ActiveCfg = Release|Any CPU
		{4F574480-FAED-408B-9449-0E7C8ADF6D3B}.Release|Any CPU.Build.0 = Release|Any CPU
		{E3ED6351-FF82-4F5E-8FEA-B20A2BACA11A}.Debug|Any CPU.ActiveCfg = Debug|Any CPU
		{E3ED6351-FF82-4F5E-8FEA-B20A2BACA11A}.Debug|Any CPU.Build.0 = Debug|Any CPU
		{E3ED6351-FF82-4F5E-8FEA-B20A2BACA11A}.Release|Any CPU.ActiveCfg = Release|Any CPU
		{E3ED6351-FF82-4F5E-8FEA-B20A2BACA11A}.Release|Any CPU.Build.0 = Release|Any CPU
		{52371023-D70A-43D0-BB70-BFBB3BD4652E}.Debug|Any CPU.ActiveCfg = Debug|Any CPU
		{52371023-D70A-43D0-BB70-BFBB3BD4652E}.Debug|Any CPU.Build.0 = Debug|Any CPU
		{52371023-D70A-43D0-BB70-BFBB3BD4652E}.Release|Any CPU.ActiveCfg = Release|Any CPU
		{52371023-D70A-43D0-BB70-BFBB3BD4652E}.Release|Any CPU.Build.0 = Release|Any CPU
		{D19B9B86-799D-43A9-A8C6-DBA5C61E0E48}.Debug|Any CPU.ActiveCfg = Debug|Any CPU
		{D19B9B86-799D-43A9-A8C6-DBA5C61E0E48}.Debug|Any CPU.Build.0 = Debug|Any CPU
		{D19B9B86-799D-43A9-A8C6-DBA5C61E0E48}.Release|Any CPU.ActiveCfg = Release|Any CPU
		{D19B9B86-799D-43A9-A8C6-DBA5C61E0E48}.Release|Any CPU.Build.0 = Release|Any CPU
		{5E2005DE-BBA3-467E-8B5E-F679F0116D6F}.Debug|Any CPU.ActiveCfg = Debug|Any CPU
		{5E2005DE-BBA3-467E-8B5E-F679F0116D6F}.Debug|Any CPU.Build.0 = Debug|Any CPU
		{5E2005DE-BBA3-467E-8B5E-F679F0116D6F}.Release|Any CPU.ActiveCfg = Release|Any CPU
		{5E2005DE-BBA3-467E-8B5E-F679F0116D6F}.Release|Any CPU.Build.0 = Release|Any CPU
		{2730674D-3B0B-4E56-8F23-0CBB425BC997}.Debug|Any CPU.ActiveCfg = Debug|Any CPU
		{2730674D-3B0B-4E56-8F23-0CBB425BC997}.Debug|Any CPU.Build.0 = Debug|Any CPU
		{2730674D-3B0B-4E56-8F23-0CBB425BC997}.Release|Any CPU.ActiveCfg = Release|Any CPU
		{2730674D-3B0B-4E56-8F23-0CBB425BC997}.Release|Any CPU.Build.0 = Release|Any CPU
		{4E7AB87D-BD5F-4954-9B72-47F97B585386}.Debug|Any CPU.ActiveCfg = Debug|Any CPU
		{4E7AB87D-BD5F-4954-9B72-47F97B585386}.Debug|Any CPU.Build.0 = Debug|Any CPU
		{4E7AB87D-BD5F-4954-9B72-47F97B585386}.Release|Any CPU.ActiveCfg = Release|Any CPU
		{4E7AB87D-BD5F-4954-9B72-47F97B585386}.Release|Any CPU.Build.0 = Release|Any CPU
		{02AA1719-FDEC-4217-8CA8-8776D0DF90E5}.Debug|Any CPU.ActiveCfg = Debug|Any CPU
		{02AA1719-FDEC-4217-8CA8-8776D0DF90E5}.Debug|Any CPU.Build.0 = Debug|Any CPU
		{02AA1719-FDEC-4217-8CA8-8776D0DF90E5}.Release|Any CPU.ActiveCfg = Release|Any CPU
		{02AA1719-FDEC-4217-8CA8-8776D0DF90E5}.Release|Any CPU.Build.0 = Release|Any CPU
		{E63171E4-C4A6-48A6-920C-780FE1F7D52A}.Debug|Any CPU.ActiveCfg = Debug|Any CPU
		{E63171E4-C4A6-48A6-920C-780FE1F7D52A}.Debug|Any CPU.Build.0 = Debug|Any CPU
		{E63171E4-C4A6-48A6-920C-780FE1F7D52A}.Release|Any CPU.ActiveCfg = Release|Any CPU
		{E63171E4-C4A6-48A6-920C-780FE1F7D52A}.Release|Any CPU.Build.0 = Release|Any CPU
		{50058BE2-41FB-4EC9-9A98-015721A12EA3}.Debug|Any CPU.ActiveCfg = Debug|Any CPU
		{50058BE2-41FB-4EC9-9A98-015721A12EA3}.Debug|Any CPU.Build.0 = Debug|Any CPU
		{50058BE2-41FB-4EC9-9A98-015721A12EA3}.Release|Any CPU.ActiveCfg = Release|Any CPU
		{50058BE2-41FB-4EC9-9A98-015721A12EA3}.Release|Any CPU.Build.0 = Release|Any CPU
		{831F7987-B113-444D-B293-19DF511FB61B}.Debug|Any CPU.ActiveCfg = Debug|Any CPU
		{831F7987-B113-444D-B293-19DF511FB61B}.Debug|Any CPU.Build.0 = Debug|Any CPU
		{831F7987-B113-444D-B293-19DF511FB61B}.Release|Any CPU.ActiveCfg = Release|Any CPU
		{831F7987-B113-444D-B293-19DF511FB61B}.Release|Any CPU.Build.0 = Release|Any CPU
	EndGlobalSection
	GlobalSection(SolutionProperties) = preSolution
		HideSolutionNode = FALSE
	EndGlobalSection
	GlobalSection(NestedProjects) = preSolution
		{CA799DE5-13C1-48C0-A8BC-7C787AA2B827} = {02571907-DABC-4AED-84A9-7DB76430346A}
		{2AD39E56-F551-4B60-89BE-5AECDD2A564F} = {02571907-DABC-4AED-84A9-7DB76430346A}
		{946F4BB0-C713-4632-90AE-C631832F5773} = {02571907-DABC-4AED-84A9-7DB76430346A}
		{F3834CC7-74C9-4F0D-9BB8-A5253CCFA6EF} = {02571907-DABC-4AED-84A9-7DB76430346A}
		{158CACCE-B2D9-4F68-9F25-F79DF3859645} = {02571907-DABC-4AED-84A9-7DB76430346A}
		{2C5572F8-ED2C-42F1-8507-779E2F3216D7} = {02571907-DABC-4AED-84A9-7DB76430346A}
		{967E168A-40DB-4D1A-A921-39B3792EA7AE} = {02571907-DABC-4AED-84A9-7DB76430346A}
		{2F542A5B-A9BC-49CD-BA6F-4CF27D5B27F8} = {02571907-DABC-4AED-84A9-7DB76430346A}
	EndGlobalSection
	GlobalSection(ExtensibilityGlobals) = postSolution
		SolutionGuid = {581F7602-C4FB-46F3-AEF6-061F89ED4104}
	EndGlobalSection
EndGlobal
